// !$*UTF8*$!
{
	archiveVersion = 1;
	classes = {
	};
	objectVersion = 56;
	objects = {

/* Begin PBXBuildFile section */
		1E91967F2AF45CD90036A170 /* secondDetailViewController.swift in Sources */ = {isa = PBXBuildFile; fileRef = 1E91967E2AF45CD90036A170 /* secondDetailViewController.swift */; };
		1E9196812AF45EC90036A170 /* Property List.plist in Resources */ = {isa = PBXBuildFile; fileRef = 1E9196802AF45EC90036A170 /* Property List.plist */; };
		1E95E51B2AF1C0240058B949 /* AppDelegate.swift in Sources */ = {isa = PBXBuildFile; fileRef = 1E95E51A2AF1C0240058B949 /* AppDelegate.swift */; };
		1E95E51D2AF1C0240058B949 /* SceneDelegate.swift in Sources */ = {isa = PBXBuildFile; fileRef = 1E95E51C2AF1C0240058B949 /* SceneDelegate.swift */; };
		1E95E51F2AF1C0240058B949 /* ViewController.swift in Sources */ = {isa = PBXBuildFile; fileRef = 1E95E51E2AF1C0240058B949 /* ViewController.swift */; };
		1E95E5222AF1C0240058B949 /* Main.storyboard in Resources */ = {isa = PBXBuildFile; fileRef = 1E95E5202AF1C0240058B949 /* Main.storyboard */; };
		1E95E5242AF1C0260058B949 /* Assets.xcassets in Resources */ = {isa = PBXBuildFile; fileRef = 1E95E5232AF1C0260058B949 /* Assets.xcassets */; };
		1E95E5272AF1C0260058B949 /* LaunchScreen.storyboard in Resources */ = {isa = PBXBuildFile; fileRef = 1E95E5252AF1C0260058B949 /* LaunchScreen.storyboard */; };
		1E95E5322AF1C0270058B949 /* HalloweenProjectTests.swift in Sources */ = {isa = PBXBuildFile; fileRef = 1E95E5312AF1C0270058B949 /* HalloweenProjectTests.swift */; };
		1E95E53C2AF1C0270058B949 /* HalloweenProjectUITests.swift in Sources */ = {isa = PBXBuildFile; fileRef = 1E95E53B2AF1C0270058B949 /* HalloweenProjectUITests.swift */; };
		1E95E53E2AF1C0270058B949 /* HalloweenProjectUITestsLaunchTests.swift in Sources */ = {isa = PBXBuildFile; fileRef = 1E95E53D2AF1C0270058B949 /* HalloweenProjectUITestsLaunchTests.swift */; };
/* End PBXBuildFile section */

/* Begin PBXContainerItemProxy section */
		1E95E52E2AF1C0270058B949 /* PBXContainerItemProxy */ = {
			isa = PBXContainerItemProxy;
			containerPortal = 1E95E50F2AF1C0240058B949 /* Project object */;
			proxyType = 1;
			remoteGlobalIDString = 1E95E5162AF1C0240058B949;
			remoteInfo = HalloweenProject;
		};
		1E95E5382AF1C0270058B949 /* PBXContainerItemProxy */ = {
			isa = PBXContainerItemProxy;
			containerPortal = 1E95E50F2AF1C0240058B949 /* Project object */;
			proxyType = 1;
			remoteGlobalIDString = 1E95E5162AF1C0240058B949;
			remoteInfo = HalloweenProject;
		};
/* End PBXContainerItemProxy section */

/* Begin PBXFileReference section */
		1E91967E2AF45CD90036A170 /* secondDetailViewController.swift */ = {isa = PBXFileReference; lastKnownFileType = sourcecode.swift; path = secondDetailViewController.swift; sourceTree = "<group>"; };
		1E9196802AF45EC90036A170 /* Property List.plist */ = {isa = PBXFileReference; lastKnownFileType = text.plist.xml; path = "Property List.plist"; sourceTree = "<group>"; };
		1E95E5172AF1C0240058B949 /* HalloweenProject.app */ = {isa = PBXFileReference; explicitFileType = wrapper.application; includeInIndex = 0; path = HalloweenProject.app; sourceTree = BUILT_PRODUCTS_DIR; };
		1E95E51A2AF1C0240058B949 /* AppDelegate.swift */ = {isa = PBXFileReference; lastKnownFileType = sourcecode.swift; path = AppDelegate.swift; sourceTree = "<group>"; };
		1E95E51C2AF1C0240058B949 /* SceneDelegate.swift */ = {isa = PBXFileReference; lastKnownFileType = sourcecode.swift; path = SceneDelegate.swift; sourceTree = "<group>"; };
		1E95E51E2AF1C0240058B949 /* ViewController.swift */ = {isa = PBXFileReference; lastKnownFileType = sourcecode.swift; path = ViewController.swift; sourceTree = "<group>"; };
		1E95E5212AF1C0240058B949 /* Base */ = {isa = PBXFileReference; lastKnownFileType = file.storyboard; name = Base; path = Base.lproj/Main.storyboard; sourceTree = "<group>"; };
		1E95E5232AF1C0260058B949 /* Assets.xcassets */ = {isa = PBXFileReference; lastKnownFileType = folder.assetcatalog; path = Assets.xcassets; sourceTree = "<group>"; };
		1E95E5262AF1C0260058B949 /* Base */ = {isa = PBXFileReference; lastKnownFileType = file.storyboard; name = Base; path = Base.lproj/LaunchScreen.storyboard; sourceTree = "<group>"; };
		1E95E5282AF1C0260058B949 /* Info.plist */ = {isa = PBXFileReference; lastKnownFileType = text.plist.xml; path = Info.plist; sourceTree = "<group>"; };
		1E95E52D2AF1C0270058B949 /* HalloweenProjectTests.xctest */ = {isa = PBXFileReference; explicitFileType = wrapper.cfbundle; includeInIndex = 0; path = HalloweenProjectTests.xctest; sourceTree = BUILT_PRODUCTS_DIR; };
		1E95E5312AF1C0270058B949 /* HalloweenProjectTests.swift */ = {isa = PBXFileReference; lastKnownFileType = sourcecode.swift; path = HalloweenProjectTests.swift; sourceTree = "<group>"; };
		1E95E5372AF1C0270058B949 /* HalloweenProjectUITests.xctest */ = {isa = PBXFileReference; explicitFileType = wrapper.cfbundle; includeInIndex = 0; path = HalloweenProjectUITests.xctest; sourceTree = BUILT_PRODUCTS_DIR; };
		1E95E53B2AF1C0270058B949 /* HalloweenProjectUITests.swift */ = {isa = PBXFileReference; lastKnownFileType = sourcecode.swift; path = HalloweenProjectUITests.swift; sourceTree = "<group>"; };
		1E95E53D2AF1C0270058B949 /* HalloweenProjectUITestsLaunchTests.swift */ = {isa = PBXFileReference; lastKnownFileType = sourcecode.swift; path = HalloweenProjectUITestsLaunchTests.swift; sourceTree = "<group>"; };
/* End PBXFileReference section */

/* Begin PBXFrameworksBuildPhase section */
		1E95E5142AF1C0240058B949 /* Frameworks */ = {
			isa = PBXFrameworksBuildPhase;
			buildActionMask = 2147483647;
			files = (
			);
			runOnlyForDeploymentPostprocessing = 0;
		};
		1E95E52A2AF1C0270058B949 /* Frameworks */ = {
			isa = PBXFrameworksBuildPhase;
			buildActionMask = 2147483647;
			files = (
			);
			runOnlyForDeploymentPostprocessing = 0;
		};
		1E95E5342AF1C0270058B949 /* Frameworks */ = {
			isa = PBXFrameworksBuildPhase;
			buildActionMask = 2147483647;
			files = (
			);
			runOnlyForDeploymentPostprocessing = 0;
		};
/* End PBXFrameworksBuildPhase section */

/* Begin PBXGroup section */
		1E95E50E2AF1C0240058B949 = {
			isa = PBXGroup;
			children = (
				1E95E5192AF1C0240058B949 /* HalloweenProject */,
				1E95E5302AF1C0270058B949 /* HalloweenProjectTests */,
				1E95E53A2AF1C0270058B949 /* HalloweenProjectUITests */,
				1E95E5182AF1C0240058B949 /* Products */,
			);
			sourceTree = "<group>";
		};
		1E95E5182AF1C0240058B949 /* Products */ = {
			isa = PBXGroup;
			children = (
				1E95E5172AF1C0240058B949 /* HalloweenProject.app */,
				1E95E52D2AF1C0270058B949 /* HalloweenProjectTests.xctest */,
				1E95E5372AF1C0270058B949 /* HalloweenProjectUITests.xctest */,
			);
			name = Products;
			sourceTree = "<group>";
		};
		1E95E5192AF1C0240058B949 /* HalloweenProject */ = {
			isa = PBXGroup;
			children = (
				1E95E51A2AF1C0240058B949 /* AppDelegate.swift */,
				1E95E51C2AF1C0240058B949 /* SceneDelegate.swift */,
				1E95E51E2AF1C0240058B949 /* ViewController.swift */,
				1E95E5202AF1C0240058B949 /* Main.storyboard */,
				1E9196802AF45EC90036A170 /* Property List.plist */,
				1E91967E2AF45CD90036A170 /* secondDetailViewController.swift */,
				1E95E5232AF1C0260058B949 /* Assets.xcassets */,
				1E95E5252AF1C0260058B949 /* LaunchScreen.storyboard */,
				1E95E5282AF1C0260058B949 /* Info.plist */,
			);
			path = HalloweenProject;
			sourceTree = "<group>";
		};
		1E95E5302AF1C0270058B949 /* HalloweenProjectTests */ = {
			isa = PBXGroup;
			children = (
				1E95E5312AF1C0270058B949 /* HalloweenProjectTests.swift */,
			);
			path = HalloweenProjectTests;
			sourceTree = "<group>";
		};
		1E95E53A2AF1C0270058B949 /* HalloweenProjectUITests */ = {
			isa = PBXGroup;
			children = (
				1E95E53B2AF1C0270058B949 /* HalloweenProjectUITests.swift */,
				1E95E53D2AF1C0270058B949 /* HalloweenProjectUITestsLaunchTests.swift */,
			);
			path = HalloweenProjectUITests;
			sourceTree = "<group>";
		};
/* End PBXGroup section */

/* Begin PBXNativeTarget section */
		1E95E5162AF1C0240058B949 /* HalloweenProject */ = {
			isa = PBXNativeTarget;
			buildConfigurationList = 1E95E5412AF1C0270058B949 /* Build configuration list for PBXNativeTarget "HalloweenProject" */;
			buildPhases = (
				1E95E5132AF1C0240058B949 /* Sources */,
				1E95E5142AF1C0240058B949 /* Frameworks */,
				1E95E5152AF1C0240058B949 /* Resources */,
			);
			buildRules = (
			);
			dependencies = (
			);
			name = HalloweenProject;
			productName = HalloweenProject;
			productReference = 1E95E5172AF1C0240058B949 /* HalloweenProject.app */;
			productType = "com.apple.product-type.application";
		};
		1E95E52C2AF1C0270058B949 /* HalloweenProjectTests */ = {
			isa = PBXNativeTarget;
			buildConfigurationList = 1E95E5442AF1C0270058B949 /* Build configuration list for PBXNativeTarget "HalloweenProjectTests" */;
			buildPhases = (
				1E95E5292AF1C0270058B949 /* Sources */,
				1E95E52A2AF1C0270058B949 /* Frameworks */,
				1E95E52B2AF1C0270058B949 /* Resources */,
			);
			buildRules = (
			);
			dependencies = (
				1E95E52F2AF1C0270058B949 /* PBXTargetDependency */,
			);
			name = HalloweenProjectTests;
			productName = HalloweenProjectTests;
			productReference = 1E95E52D2AF1C0270058B949 /* HalloweenProjectTests.xctest */;
			productType = "com.apple.product-type.bundle.unit-test";
		};
		1E95E5362AF1C0270058B949 /* HalloweenProjectUITests */ = {
			isa = PBXNativeTarget;
			buildConfigurationList = 1E95E5472AF1C0270058B949 /* Build configuration list for PBXNativeTarget "HalloweenProjectUITests" */;
			buildPhases = (
				1E95E5332AF1C0270058B949 /* Sources */,
				1E95E5342AF1C0270058B949 /* Frameworks */,
				1E95E5352AF1C0270058B949 /* Resources */,
			);
			buildRules = (
			);
			dependencies = (
				1E95E5392AF1C0270058B949 /* PBXTargetDependency */,
			);
			name = HalloweenProjectUITests;
			productName = HalloweenProjectUITests;
			productReference = 1E95E5372AF1C0270058B949 /* HalloweenProjectUITests.xctest */;
			productType = "com.apple.product-type.bundle.ui-testing";
		};
/* End PBXNativeTarget section */

/* Begin PBXProject section */
		1E95E50F2AF1C0240058B949 /* Project object */ = {
			isa = PBXProject;
			attributes = {
				BuildIndependentTargetsInParallel = 1;
				LastSwiftUpdateCheck = 1430;
				LastUpgradeCheck = 1430;
				TargetAttributes = {
					1E95E5162AF1C0240058B949 = {
						CreatedOnToolsVersion = 14.3.1;
					};
					1E95E52C2AF1C0270058B949 = {
						CreatedOnToolsVersion = 14.3.1;
						TestTargetID = 1E95E5162AF1C0240058B949;
					};
					1E95E5362AF1C0270058B949 = {
						CreatedOnToolsVersion = 14.3.1;
						TestTargetID = 1E95E5162AF1C0240058B949;
					};
				};
			};
			buildConfigurationList = 1E95E5122AF1C0240058B949 /* Build configuration list for PBXProject "HalloweenProject" */;
			compatibilityVersion = "Xcode 14.0";
			developmentRegion = en;
			hasScannedForEncodings = 0;
			knownRegions = (
				en,
				Base,
			);
			mainGroup = 1E95E50E2AF1C0240058B949;
			productRefGroup = 1E95E5182AF1C0240058B949 /* Products */;
			projectDirPath = "";
			projectRoot = "";
			targets = (
				1E95E5162AF1C0240058B949 /* HalloweenProject */,
				1E95E52C2AF1C0270058B949 /* HalloweenProjectTests */,
				1E95E5362AF1C0270058B949 /* HalloweenProjectUITests */,
			);
		};
/* End PBXProject section */

/* Begin PBXResourcesBuildPhase section */
		1E95E5152AF1C0240058B949 /* Resources */ = {
			isa = PBXResourcesBuildPhase;
			buildActionMask = 2147483647;
			files = (
				1E95E5272AF1C0260058B949 /* LaunchScreen.storyboard in Resources */,
				1E95E5242AF1C0260058B949 /* Assets.xcassets in Resources */,
				1E9196812AF45EC90036A170 /* Property List.plist in Resources */,
				1E95E5222AF1C0240058B949 /* Main.storyboard in Resources */,
			);
			runOnlyForDeploymentPostprocessing = 0;
		};
		1E95E52B2AF1C0270058B949 /* Resources */ = {
			isa = PBXResourcesBuildPhase;
			buildActionMask = 2147483647;
			files = (
			);
			runOnlyForDeploymentPostprocessing = 0;
		};
		1E95E5352AF1C0270058B949 /* Resources */ = {
			isa = PBXResourcesBuildPhase;
			buildActionMask = 2147483647;
			files = (
			);
			runOnlyForDeploymentPostprocessing = 0;
		};
/* End PBXResourcesBuildPhase section */

/* Begin PBXSourcesBuildPhase section */
		1E95E5132AF1C0240058B949 /* Sources */ = {
			isa = PBXSourcesBuildPhase;
			buildActionMask = 2147483647;
			files = (
				1E95E51F2AF1C0240058B949 /* ViewController.swift in Sources */,
				1E95E51B2AF1C0240058B949 /* AppDelegate.swift in Sources */,
				1E91967F2AF45CD90036A170 /* secondDetailViewController.swift in Sources */,
				1E95E51D2AF1C0240058B949 /* SceneDelegate.swift in Sources */,
			);
			runOnlyForDeploymentPostprocessing = 0;
		};
		1E95E5292AF1C0270058B949 /* Sources */ = {
			isa = PBXSourcesBuildPhase;
			buildActionMask = 2147483647;
			files = (
				1E95E5322AF1C0270058B949 /* HalloweenProjectTests.swift in Sources */,
			);
			runOnlyForDeploymentPostprocessing = 0;
		};
		1E95E5332AF1C0270058B949 /* Sources */ = {
			isa = PBXSourcesBuildPhase;
			buildActionMask = 2147483647;
			files = (
				1E95E53E2AF1C0270058B949 /* HalloweenProjectUITestsLaunchTests.swift in Sources */,
				1E95E53C2AF1C0270058B949 /* HalloweenProjectUITests.swift in Sources */,
			);
			runOnlyForDeploymentPostprocessing = 0;
		};
/* End PBXSourcesBuildPhase section */

/* Begin PBXTargetDependency section */
		1E95E52F2AF1C0270058B949 /* PBXTargetDependency */ = {
			isa = PBXTargetDependency;
			target = 1E95E5162AF1C0240058B949 /* HalloweenProject */;
			targetProxy = 1E95E52E2AF1C0270058B949 /* PBXContainerItemProxy */;
		};
		1E95E5392AF1C0270058B949 /* PBXTargetDependency */ = {
			isa = PBXTargetDependency;
			target = 1E95E5162AF1C0240058B949 /* HalloweenProject */;
			targetProxy = 1E95E5382AF1C0270058B949 /* PBXContainerItemProxy */;
		};
/* End PBXTargetDependency section */

/* Begin PBXVariantGroup section */
		1E95E5202AF1C0240058B949 /* Main.storyboard */ = {
			isa = PBXVariantGroup;
			children = (
				1E95E5212AF1C0240058B949 /* Base */,
			);
			name = Main.storyboard;
			sourceTree = "<group>";
		};
		1E95E5252AF1C0260058B949 /* LaunchScreen.storyboard */ = {
			isa = PBXVariantGroup;
			children = (
				1E95E5262AF1C0260058B949 /* Base */,
			);
			name = LaunchScreen.storyboard;
			sourceTree = "<group>";
		};
/* End PBXVariantGroup section */

/* Begin XCBuildConfiguration section */
		1E95E53F2AF1C0270058B949 /* Debug */ = {
			isa = XCBuildConfiguration;
			buildSettings = {
				ALWAYS_SEARCH_USER_PATHS = NO;
				CLANG_ANALYZER_NONNULL = YES;
				CLANG_ANALYZER_NUMBER_OBJECT_CONVERSION = YES_AGGRESSIVE;
				CLANG_CXX_LANGUAGE_STANDARD = "gnu++20";
				CLANG_ENABLE_MODULES = YES;
				CLANG_ENABLE_OBJC_ARC = YES;
				CLANG_ENABLE_OBJC_WEAK = YES;
				CLANG_WARN_BLOCK_CAPTURE_AUTORELEASING = YES;
				CLANG_WARN_BOOL_CONVERSION = YES;
				CLANG_WARN_COMMA = YES;
				CLANG_WARN_CONSTANT_CONVERSION = YES;
				CLANG_WARN_DEPRECATED_OBJC_IMPLEMENTATIONS = YES;
				CLANG_WARN_DIRECT_OBJC_ISA_USAGE = YES_ERROR;
				CLANG_WARN_DOCUMENTATION_COMMENTS = YES;
				CLANG_WARN_EMPTY_BODY = YES;
				CLANG_WARN_ENUM_CONVERSION = YES;
				CLANG_WARN_INFINITE_RECURSION = YES;
				CLANG_WARN_INT_CONVERSION = YES;
				CLANG_WARN_NON_LITERAL_NULL_CONVERSION = YES;
				CLANG_WARN_OBJC_IMPLICIT_RETAIN_SELF = YES;
				CLANG_WARN_OBJC_LITERAL_CONVERSION = YES;
				CLANG_WARN_OBJC_ROOT_CLASS = YES_ERROR;
				CLANG_WARN_QUOTED_INCLUDE_IN_FRAMEWORK_HEADER = YES;
				CLANG_WARN_RANGE_LOOP_ANALYSIS = YES;
				CLANG_WARN_STRICT_PROTOTYPES = YES;
				CLANG_WARN_SUSPICIOUS_MOVE = YES;
				CLANG_WARN_UNGUARDED_AVAILABILITY = YES_AGGRESSIVE;
				CLANG_WARN_UNREACHABLE_CODE = YES;
				CLANG_WARN__DUPLICATE_METHOD_MATCH = YES;
				COPY_PHASE_STRIP = NO;
				DEBUG_INFORMATION_FORMAT = dwarf;
				ENABLE_STRICT_OBJC_MSGSEND = YES;
				ENABLE_TESTABILITY = YES;
				GCC_C_LANGUAGE_STANDARD = gnu11;
				GCC_DYNAMIC_NO_PIC = NO;
				GCC_NO_COMMON_BLOCKS = YES;
				GCC_OPTIMIZATION_LEVEL = 0;
				GCC_PREPROCESSOR_DEFINITIONS = (
					"DEBUG=1",
					"$(inherited)",
				);
				GCC_WARN_64_TO_32_BIT_CONVERSION = YES;
				GCC_WARN_ABOUT_RETURN_TYPE = YES_ERROR;
				GCC_WARN_UNDECLARED_SELECTOR = YES;
				GCC_WARN_UNINITIALIZED_AUTOS = YES_AGGRESSIVE;
				GCC_WARN_UNUSED_FUNCTION = YES;
				GCC_WARN_UNUSED_VARIABLE = YES;
				IPHONEOS_DEPLOYMENT_TARGET = 16.4;
				MTL_ENABLE_DEBUG_INFO = INCLUDE_SOURCE;
				MTL_FAST_MATH = YES;
				ONLY_ACTIVE_ARCH = YES;
				SDKROOT = iphoneos;
				SWIFT_ACTIVE_COMPILATION_CONDITIONS = DEBUG;
				SWIFT_OPTIMIZATION_LEVEL = "-Onone";
			};
			name = Debug;
		};
		1E95E5402AF1C0270058B949 /* Release */ = {
			isa = XCBuildConfiguration;
			buildSettings = {
				ALWAYS_SEARCH_USER_PATHS = NO;
				CLANG_ANALYZER_NONNULL = YES;
				CLANG_ANALYZER_NUMBER_OBJECT_CONVERSION = YES_AGGRESSIVE;
				CLANG_CXX_LANGUAGE_STANDARD = "gnu++20";
				CLANG_ENABLE_MODULES = YES;
				CLANG_ENABLE_OBJC_ARC = YES;
				CLANG_ENABLE_OBJC_WEAK = YES;
				CLANG_WARN_BLOCK_CAPTURE_AUTORELEASING = YES;
				CLANG_WARN_BOOL_CONVERSION = YES;
				CLANG_WARN_COMMA = YES;
				CLANG_WARN_CONSTANT_CONVERSION = YES;
				CLANG_WARN_DEPRECATED_OBJC_IMPLEMENTATIONS = YES;
				CLANG_WARN_DIRECT_OBJC_ISA_USAGE = YES_ERROR;
				CLANG_WARN_DOCUMENTATION_COMMENTS = YES;
				CLANG_WARN_EMPTY_BODY = YES;
				CLANG_WARN_ENUM_CONVERSION = YES;
				CLANG_WARN_INFINITE_RECURSION = YES;
				CLANG_WARN_INT_CONVERSION = YES;
				CLANG_WARN_NON_LITERAL_NULL_CONVERSION = YES;
				CLANG_WARN_OBJC_IMPLICIT_RETAIN_SELF = YES;
				CLANG_WARN_OBJC_LITERAL_CONVERSION = YES;
				CLANG_WARN_OBJC_ROOT_CLASS = YES_ERROR;
				CLANG_WARN_QUOTED_INCLUDE_IN_FRAMEWORK_HEADER = YES;
				CLANG_WARN_RANGE_LOOP_ANALYSIS = YES;
				CLANG_WARN_STRICT_PROTOTYPES = YES;
				CLANG_WARN_SUSPICIOUS_MOVE = YES;
				CLANG_WARN_UNGUARDED_AVAILABILITY = YES_AGGRESSIVE;
				CLANG_WARN_UNREACHABLE_CODE = YES;
				CLANG_WARN__DUPLICATE_METHOD_MATCH = YES;
				COPY_PHASE_STRIP = NO;
				DEBUG_INFORMATION_FORMAT = "dwarf-with-dsym";
				ENABLE_NS_ASSERTIONS = NO;
				ENABLE_STRICT_OBJC_MSGSEND = YES;
				GCC_C_LANGUAGE_STANDARD = gnu11;
				GCC_NO_COMMON_BLOCKS = YES;
				GCC_WARN_64_TO_32_BIT_CONVERSION = YES;
				GCC_WARN_ABOUT_RETURN_TYPE = YES_ERROR;
				GCC_WARN_UNDECLARED_SELECTOR = YES;
				GCC_WARN_UNINITIALIZED_AUTOS = YES_AGGRESSIVE;
				GCC_WARN_UNUSED_FUNCTION = YES;
				GCC_WARN_UNUSED_VARIABLE = YES;
				IPHONEOS_DEPLOYMENT_TARGET = 16.4;
				MTL_ENABLE_DEBUG_INFO = NO;
				MTL_FAST_MATH = YES;
				SDKROOT = iphoneos;
				SWIFT_COMPILATION_MODE = wholemodule;
				SWIFT_OPTIMIZATION_LEVEL = "-O";
				VALIDATE_PRODUCT = YES;
			};
			name = Release;
		};
		1E95E5422AF1C0270058B949 /* Debug */ = {
			isa = XCBuildConfiguration;
			buildSettings = {
				ASSETCATALOG_COMPILER_APPICON_NAME = AppIcon;
				ASSETCATALOG_COMPILER_GLOBAL_ACCENT_COLOR_NAME = AccentColor;
				CODE_SIGN_STYLE = Automatic;
				CURRENT_PROJECT_VERSION = 1;
				DEVELOPMENT_TEAM = 882K2GT26S;
				GENERATE_INFOPLIST_FILE = YES;
				INFOPLIST_FILE = HalloweenProject/Info.plist;
				INFOPLIST_KEY_UIApplicationSupportsIndirectInputEvents = YES;
				INFOPLIST_KEY_UILaunchStoryboardName = LaunchScreen;
				INFOPLIST_KEY_UIMainStoryboardFile = Main;
				INFOPLIST_KEY_UISupportedInterfaceOrientations_iPad = "UIInterfaceOrientationPortrait UIInterfaceOrientationPortraitUpsideDown UIInterfaceOrientationLandscapeLeft UIInterfaceOrientationLandscapeRight";
				INFOPLIST_KEY_UISupportedInterfaceOrientations_iPhone = "UIInterfaceOrientationPortrait UIInterfaceOrientationLandscapeLeft UIInterfaceOrientationLandscapeRight";
				LD_RUNPATH_SEARCH_PATHS = (
					"$(inherited)",
					"@executable_path/Frameworks",
				);
				MARKETING_VERSION = 1.0;
				PRODUCT_BUNDLE_IDENTIFIER = UHWO.HalloweenProject;
				PRODUCT_NAME = "$(TARGET_NAME)";
				SWIFT_EMIT_LOC_STRINGS = YES;
				SWIFT_VERSION = 5.0;
				TARGETED_DEVICE_FAMILY = "1,2";
			};
			name = Debug;
		};
		1E95E5432AF1C0270058B949 /* Release */ = {
			isa = XCBuildConfiguration;
			buildSettings = {
				ASSETCATALOG_COMPILER_APPICON_NAME = AppIcon;
				ASSETCATALOG_COMPILER_GLOBAL_ACCENT_COLOR_NAME = AccentColor;
				CODE_SIGN_STYLE = Automatic;
				CURRENT_PROJECT_VERSION = 1;
				DEVELOPMENT_TEAM = 882K2GT26S;
				GENERATE_INFOPLIST_FILE = YES;
				INFOPLIST_FILE = HalloweenProject/Info.plist;
				INFOPLIST_KEY_UIApplicationSupportsIndirectInputEvents = YES;
				INFOPLIST_KEY_UILaunchStoryboardName = LaunchScreen;
				INFOPLIST_KEY_UIMainStoryboardFile = Main;
				INFOPLIST_KEY_UISupportedInterfaceOrientations_iPad = "UIInterfaceOrientationPortrait UIInterfaceOrientationPortraitUpsideDown UIInterfaceOrientationLandscapeLeft UIInterfaceOrientationLandscapeRight";
				INFOPLIST_KEY_UISupportedInterfaceOrientations_iPhone = "UIInterfaceOrientationPortrait UIInterfaceOrientationLandscapeLeft UIInterfaceOrientationLandscapeRight";
				LD_RUNPATH_SEARCH_PATHS = (
					"$(inherited)",
					"@executable_path/Frameworks",
				);
				MARKETING_VERSION = 1.0;
				PRODUCT_BUNDLE_IDENTIFIER = UHWO.HalloweenProject;
				PRODUCT_NAME = "$(TARGET_NAME)";
				SWIFT_EMIT_LOC_STRINGS = YES;
				SWIFT_VERSION = 5.0;
				TARGETED_DEVICE_FAMILY = "1,2";
			};
			name = Release;
		};
		1E95E5452AF1C0270058B949 /* Debug */ = {
			isa = XCBuildConfiguration;
			buildSettings = {
				ALWAYS_EMBED_SWIFT_STANDARD_LIBRARIES = YES;
				BUNDLE_LOADER = "$(TEST_HOST)";
				CODE_SIGN_STYLE = Automatic;
				CURRENT_PROJECT_VERSION = 1;
				DEVELOPMENT_TEAM = 882K2GT26S;
				GENERATE_INFOPLIST_FILE = YES;
				IPHONEOS_DEPLOYMENT_TARGET = 16.4;
				MARKETING_VERSION = 1.0;
				PRODUCT_BUNDLE_IDENTIFIER = UHWO.HalloweenProjectTests;
				PRODUCT_NAME = "$(TARGET_NAME)";
				SWIFT_EMIT_LOC_STRINGS = NO;
				SWIFT_VERSION = 5.0;
				TARGETED_DEVICE_FAMILY = "1,2";
				TEST_HOST = "$(BUILT_PRODUCTS_DIR)/HalloweenProject.app/$(BUNDLE_EXECUTABLE_FOLDER_PATH)/HalloweenProject";
			};
			name = Debug;
		};
		1E95E5462AF1C0270058B949 /* Release */ = {
			isa = XCBuildConfiguration;
			buildSettings = {
				ALWAYS_EMBED_SWIFT_STANDARD_LIBRARIES = YES;
				BUNDLE_LOADER = "$(TEST_HOST)";
				CODE_SIGN_STYLE = Automatic;
				CURRENT_PROJECT_VERSION = 1;
				DEVELOPMENT_TEAM = 882K2GT26S;
				GENERATE_INFOPLIST_FILE = YES;
				IPHONEOS_DEPLOYMENT_TARGET = 16.4;
				MARKETING_VERSION = 1.0;
				PRODUCT_BUNDLE_IDENTIFIER = UHWO.HalloweenProjectTests;
				PRODUCT_NAME = "$(TARGET_NAME)";
				SWIFT_EMIT_LOC_STRINGS = NO;
				SWIFT_VERSION = 5.0;
				TARGETED_DEVICE_FAMILY = "1,2";
				TEST_HOST = "$(BUILT_PRODUCTS_DIR)/HalloweenProject.app/$(BUNDLE_EXECUTABLE_FOLDER_PATH)/HalloweenProject";
			};
			name = Release;
		};
		1E95E5482AF1C0270058B949 /* Debug */ = {
			isa = XCBuildConfiguration;
			buildSettings = {
				ALWAYS_EMBED_SWIFT_STANDARD_LIBRARIES = YES;
				CODE_SIGN_STYLE = Automatic;
				CURRENT_PROJECT_VERSION = 1;
				DEVELOPMENT_TEAM = 882K2GT26S;
				GENERATE_INFOPLIST_FILE = YES;
				MARKETING_VERSION = 1.0;
				PRODUCT_BUNDLE_IDENTIFIER = UHWO.HalloweenProjectUITests;
				PRODUCT_NAME = "$(TARGET_NAME)";
				SWIFT_EMIT_LOC_STRINGS = NO;
				SWIFT_VERSION = 5.0;
				TARGETED_DEVICE_FAMILY = "1,2";
				TEST_TARGET_NAME = HalloweenProject;
			};
			name = Debug;
		};
		1E95E5492AF1C0270058B949 /* Release */ = {
			isa = XCBuildConfiguration;
			buildSettings = {
				ALWAYS_EMBED_SWIFT_STANDARD_LIBRARIES = YES;
				CODE_SIGN_STYLE = Automatic;
				CURRENT_PROJECT_VERSION = 1;
				DEVELOPMENT_TEAM = 882K2GT26S;
				GENERATE_INFOPLIST_FILE = YES;
				MARKETING_VERSION = 1.0;
				PRODUCT_BUNDLE_IDENTIFIER = UHWO.HalloweenProjectUITests;
				PRODUCT_NAME = "$(TARGET_NAME)";
				SWIFT_EMIT_LOC_STRINGS = NO;
				SWIFT_VERSION = 5.0;
				TARGETED_DEVICE_FAMILY = "1,2";
				TEST_TARGET_NAME = HalloweenProject;
			};
			name = Release;
		};
/* End XCBuildConfiguration section */

/* Begin XCConfigurationList section */
		1E95E5122AF1C0240058B949 /* Build configuration list for PBXProject "HalloweenProject" */ = {
			isa = XCConfigurationList;
			buildConfigurations = (
				1E95E53F2AF1C0270058B949 /* Debug */,
				1E95E5402AF1C0270058B949 /* Release */,
			);
			defaultConfigurationIsVisible = 0;
			defaultConfigurationName = Release;
		};
		1E95E5412AF1C0270058B949 /* Build configuration list for PBXNativeTarget "HalloweenProject" */ = {
			isa = XCConfigurationList;
			buildConfigurations = (
				1E95E5422AF1C0270058B949 /* Debug */,
				1E95E5432AF1C0270058B949 /* Release */,
			);
			defaultConfigurationIsVisible = 0;
			defaultConfigurationName = Release;
		};
		1E95E5442AF1C0270058B949 /* Build configuration list for PBXNativeTarget "HalloweenProjectTests" */ = {
			isa = XCConfigurationList;
			buildConfigurations = (
				1E95E5452AF1C0270058B949 /* Debug */,
				1E95E5462AF1C0270058B949 /* Release */,
			);
			defaultConfigurationIsVisible = 0;
			defaultConfigurationName = Release;
		};
		1E95E5472AF1C0270058B949 /* Build configuration list for PBXNativeTarget "HalloweenProjectUITests" */ = {
			isa = XCConfigurationList;
			buildConfigurations = (
				1E95E5482AF1C0270058B949 /* Debug */,
				1E95E5492AF1C0270058B949 /* Release */,
			);
			defaultConfigurationIsVisible = 0;
			defaultConfigurationName = Release;
		};
/* End XCConfigurationList section */
	};
	rootObject = 1E95E50F2AF1C0240058B949 /* Project object */;
}
